
Microsoft Visual Studio Solution File, Format Version 12.00
# Visual Studio Version 17
VisualStudioVersion = 17.6.33829.357
MinimumVisualStudioVersion = 10.0.40219.1
Project("{FAE04EC0-301F-11D3-BF4B-00C04F79EFBC}") = "CatWin", "CatWin.csproj", "{6B74597A-88C1-4898-AD10-283BD1D58089}"
EndProject
Global
	GlobalSection(SolutionConfigurationPlatforms) = preSolution
		Debug|Any CPU = Debug|Any CPU
		Release|Any CPU = Release|Any CPU
	EndGlobalSection
	GlobalSection(ProjectConfigurationPlatforms) = postSolution
		{6B74597A-88C1-4898-AD10-283BD1D58089}.Debug|Any CPU.ActiveCfg = Debug|Any CPU
		{6B74597A-88C1-4898-AD10-283BD1D58089}.Debug|Any CPU.Build.0 = Debug|Any CPU
		{6B74597A-88C1-4898-AD10-283BD1D58089}.Release|Any CPU.ActiveCfg = Release|Any CPU
		{6B74597A-88C1-4898-AD10-283BD1D58089}.Release|Any CPU.Build.0 = Release|Any CPU
	EndGlobalSection
	GlobalSection(SolutionProperties) = preSolution
		HideSolutionNode = FALSE
	EndGlobalSection
	GlobalSection(ExtensibilityGlobals) = postSolution
		SolutionGuid = {1866D102-8952-4EEA-8170-FAB2EE5B7ED7}
	EndGlobalSection
EndGlobal
